// !$*UTF8*$!
{
	archiveVersion = 1;
	classes = {
	};
	objectVersion = 46;
	objects = {

/* Begin PBXBuildFile section */
		F83F98E21B613D99004C3631 /* main.m in Sources */ = {isa = PBXBuildFile; fileRef = F83F98E11B613D99004C3631 /* main.m */; };
		F83F98E51B613D99004C3631 /* AppDelegate.mm in Sources */ = {isa = PBXBuildFile; fileRef = F83F98E41B613D99004C3631 /* AppDelegate.mm */; };
		F83F98ED1B613D9A004C3631 /* Images.xcassets in Resources */ = {isa = PBXBuildFile; fileRef = F83F98EC1B613D9A004C3631 /* Images.xcassets */; };
		F83F98FC1B613D9A004C3631 /* FansTests.m in Sources */ = {isa = PBXBuildFile; fileRef = F83F98FB1B613D9A004C3631 /* FansTests.m */; };
		F83F990A1B613E22004C3631 /* BAHomeController.m in Sources */ = {isa = PBXBuildFile; fileRef = F83F99091B613E22004C3631 /* BAHomeController.m */; };
/* End PBXBuildFile section */

/* Begin PBXContainerItemProxy section */
		F83F98F61B613D9A004C3631 /* PBXContainerItemProxy */ = {
			isa = PBXContainerItemProxy;
			containerPortal = F83F98D41B613D99004C3631 /* Project object */;
			proxyType = 1;
			remoteGlobalIDString = F83F98DB1B613D99004C3631;
			remoteInfo = Fans;
		};
/* End PBXContainerItemProxy section */

/* Begin PBXFileReference section */
		F83F98DC1B613D99004C3631 /* Fans.app */ = {isa = PBXFileReference; explicitFileType = wrapper.application; includeInIndex = 0; path = Fans.app; sourceTree = BUILT_PRODUCTS_DIR; };
		F83F98E01B613D99004C3631 /* Info.plist */ = {isa = PBXFileReference; lastKnownFileType = text.plist.xml; path = Info.plist; sourceTree = "<group>"; };
		F83F98E11B613D99004C3631 /* main.m */ = {isa = PBXFileReference; lastKnownFileType = sourcecode.c.objc; path = main.m; sourceTree = "<group>"; };
		F83F98E31B613D99004C3631 /* AppDelegate.h */ = {isa = PBXFileReference; lastKnownFileType = sourcecode.c.h; path = AppDelegate.h; sourceTree = "<group>"; };
		F83F98E41B613D99004C3631 /* AppDelegate.mm */ = {isa = PBXFileReference; lastKnownFileType = sourcecode.cpp.objcpp; path = AppDelegate.mm; sourceTree = "<group>"; };
		F83F98EC1B613D9A004C3631 /* Images.xcassets */ = {isa = PBXFileReference; lastKnownFileType = folder.assetcatalog; path = Images.xcassets; sourceTree = "<group>"; };
		F83F98F51B613D9A004C3631 /* FansTests.xctest */ = {isa = PBXFileReference; explicitFileType = wrapper.cfbundle; includeInIndex = 0; path = FansTests.xctest; sourceTree = BUILT_PRODUCTS_DIR; };
		F83F98FA1B613D9A004C3631 /* Info.plist */ = {isa = PBXFileReference; lastKnownFileType = text.plist.xml; path = Info.plist; sourceTree = "<group>"; };
		F83F98FB1B613D9A004C3631 /* FansTests.m */ = {isa = PBXFileReference; lastKnownFileType = sourcecode.c.objc; path = FansTests.m; sourceTree = "<group>"; };
		F83F99081B613E22004C3631 /* BAHomeController.h */ = {isa = PBXFileReference; fileEncoding = 4; lastKnownFileType = sourcecode.c.h; path = BAHomeController.h; sourceTree = "<group>"; };
		F83F99091B613E22004C3631 /* BAHomeController.m */ = {isa = PBXFileReference; fileEncoding = 4; lastKnownFileType = sourcecode.c.objc; path = BAHomeController.m; sourceTree = "<group>"; };
		F83F990C1B613EA1004C3631 /* Macro.h */ = {isa = PBXFileReference; fileEncoding = 4; lastKnownFileType = sourcecode.c.h; path = Macro.h; sourceTree = "<group>"; };
		F83F990E1B613EE2004C3631 /* Common.pch */ = {isa = PBXFileReference; fileEncoding = 4; lastKnownFileType = sourcecode.c.h; path = Common.pch; sourceTree = "<group>"; };
/* End PBXFileReference section */

/* Begin PBXFrameworksBuildPhase section */
		F83F98D91B613D99004C3631 /* Frameworks */ = {
			isa = PBXFrameworksBuildPhase;
			buildActionMask = 2147483647;
			files = (
			);
			runOnlyForDeploymentPostprocessing = 0;
		};
		F83F98F21B613D9A004C3631 /* Frameworks */ = {
			isa = PBXFrameworksBuildPhase;
			buildActionMask = 2147483647;
			files = (
			);
			runOnlyForDeploymentPostprocessing = 0;
		};
/* End PBXFrameworksBuildPhase section */

/* Begin PBXGroup section */
		F83F98D31B613D99004C3631 = {
			isa = PBXGroup;
			children = (
				F83F98DE1B613D99004C3631 /* Fans */,
				F83F98F81B613D9A004C3631 /* FansTests */,
				F83F98DD1B613D99004C3631 /* Products */,
			);
			sourceTree = "<group>";
		};
		F83F98DD1B613D99004C3631 /* Products */ = {
			isa = PBXGroup;
			children = (
				F83F98DC1B613D99004C3631 /* Fans.app */,
				F83F98F51B613D9A004C3631 /* FansTests.xctest */,
			);
			name = Products;
			sourceTree = "<group>";
		};
		F83F98DE1B613D99004C3631 /* Fans */ = {
			isa = PBXGroup;
			children = (
				F83F99071B613DE1004C3631 /* Home */,
				F83F990B1B613E82004C3631 /* Macro */,
				F83F99061B613DDB004C3631 /* Other */,
				F83F98DF1B613D99004C3631 /* Supporting Files */,
			);
			path = Fans;
			sourceTree = "<group>";
		};
		F83F98DF1B613D99004C3631 /* Supporting Files */ = {
			isa = PBXGroup;
			children = (
				F83F99101B61428C004C3631 /* Plist */,
				F83F990F1B614282004C3631 /* Images */,
				F83F99111B6142A3004C3631 /* Other */,
			);
			name = "Supporting Files";
			sourceTree = "<group>";
		};
		F83F98F81B613D9A004C3631 /* FansTests */ = {
			isa = PBXGroup;
			children = (
				F83F98FB1B613D9A004C3631 /* FansTests.m */,
				F83F98F91B613D9A004C3631 /* Supporting Files */,
			);
			path = FansTests;
			sourceTree = "<group>";
		};
		F83F98F91B613D9A004C3631 /* Supporting Files */ = {
			isa = PBXGroup;
			children = (
				F83F98FA1B613D9A004C3631 /* Info.plist */,
			);
			name = "Supporting Files";
			sourceTree = "<group>";
		};
		F83F99061B613DDB004C3631 /* Other */ = {
			isa = PBXGroup;
			children = (
				F83F98E31B613D99004C3631 /* AppDelegate.h */,
				F83F98E41B613D99004C3631 /* AppDelegate.mm */,
				F83F98E11B613D99004C3631 /* main.m */,
			);
			name = Other;
			sourceTree = "<group>";
		};
		F83F99071B613DE1004C3631 /* Home */ = {
			isa = PBXGroup;
			children = (
				F83F99081B613E22004C3631 /* BAHomeController.h */,
				F83F99091B613E22004C3631 /* BAHomeController.m */,
			);
			name = Home;
			sourceTree = "<group>";
		};
		F83F990B1B613E82004C3631 /* Macro */ = {
			isa = PBXGroup;
			children = (
				F83F990C1B613EA1004C3631 /* Macro.h */,
			);
			name = Macro;
			sourceTree = "<group>";
		};
		F83F990F1B614282004C3631 /* Images */ = {
			isa = PBXGroup;
			children = (
				F83F99121B6142B3004C3631 /* HomeIMG */,
			);
			name = Images;
			sourceTree = "<group>";
		};
		F83F99101B61428C004C3631 /* Plist */ = {
			isa = PBXGroup;
			children = (
				F83F98E01B613D99004C3631 /* Info.plist */,
			);
			name = Plist;
			sourceTree = "<group>";
		};
		F83F99111B6142A3004C3631 /* Other */ = {
			isa = PBXGroup;
			children = (
				F83F990E1B613EE2004C3631 /* Common.pch */,
				F83F98EC1B613D9A004C3631 /* Images.xcassets */,
			);
			name = Other;
			sourceTree = "<group>";
		};
		F83F99121B6142B3004C3631 /* HomeIMG */ = {
			isa = PBXGroup;
			children = (
			);
			name = HomeIMG;
			sourceTree = "<group>";
		};
/* End PBXGroup section */

/* Begin PBXNativeTarget section */
		F83F98DB1B613D99004C3631 /* Fans */ = {
			isa = PBXNativeTarget;
			buildConfigurationList = F83F98FF1B613D9A004C3631 /* Build configuration list for PBXNativeTarget "Fans" */;
			buildPhases = (
				F83F98D81B613D99004C3631 /* Sources */,
				F83F98D91B613D99004C3631 /* Frameworks */,
				F83F98DA1B613D99004C3631 /* Resources */,
			);
			buildRules = (
			);
			dependencies = (
			);
			name = Fans;
			productName = Fans;
			productReference = F83F98DC1B613D99004C3631 /* Fans.app */;
			productType = "com.apple.product-type.application";
		};
		F83F98F41B613D9A004C3631 /* FansTests */ = {
			isa = PBXNativeTarget;
			buildConfigurationList = F83F99021B613D9A004C3631 /* Build configuration list for PBXNativeTarget "FansTests" */;
			buildPhases = (
				F83F98F11B613D9A004C3631 /* Sources */,
				F83F98F21B613D9A004C3631 /* Frameworks */,
				F83F98F31B613D9A004C3631 /* Resources */,
			);
			buildRules = (
			);
			dependencies = (
				F83F98F71B613D9A004C3631 /* PBXTargetDependency */,
			);
			name = FansTests;
			productName = FansTests;
			productReference = F83F98F51B613D9A004C3631 /* FansTests.xctest */;
			productType = "com.apple.product-type.bundle.unit-test";
		};
/* End PBXNativeTarget section */

/* Begin PBXProject section */
		F83F98D41B613D99004C3631 /* Project object */ = {
			isa = PBXProject;
			attributes = {
				LastUpgradeCheck = 0640;
				ORGANIZATIONNAME = Borago;
				TargetAttributes = {
					F83F98DB1B613D99004C3631 = {
						CreatedOnToolsVersion = 6.4;
					};
					F83F98F41B613D9A004C3631 = {
						CreatedOnToolsVersion = 6.4;
						TestTargetID = F83F98DB1B613D99004C3631;
					};
				};
			};
			buildConfigurationList = F83F98D71B613D99004C3631 /* Build configuration list for PBXProject "Fans" */;
			compatibilityVersion = "Xcode 3.2";
			developmentRegion = English;
			hasScannedForEncodings = 0;
			knownRegions = (
				en,
				Base,
			);
			mainGroup = F83F98D31B613D99004C3631;
			productRefGroup = F83F98DD1B613D99004C3631 /* Products */;
			projectDirPath = "";
			projectRoot = "";
			targets = (
				F83F98DB1B613D99004C3631 /* Fans */,
				F83F98F41B613D9A004C3631 /* FansTests */,
			);
		};
/* End PBXProject section */

/* Begin PBXResourcesBuildPhase section */
		F83F98DA1B613D99004C3631 /* Resources */ = {
			isa = PBXResourcesBuildPhase;
			buildActionMask = 2147483647;
			files = (
				F83F98ED1B613D9A004C3631 /* Images.xcassets in Resources */,
			);
			runOnlyForDeploymentPostprocessing = 0;
		};
		F83F98F31B613D9A004C3631 /* Resources */ = {
			isa = PBXResourcesBuildPhase;
			buildActionMask = 2147483647;
			files = (
			);
			runOnlyForDeploymentPostprocessing = 0;
		};
/* End PBXResourcesBuildPhase section */

/* Begin PBXSourcesBuildPhase section */
		F83F98D81B613D99004C3631 /* Sources */ = {
			isa = PBXSourcesBuildPhase;
			buildActionMask = 2147483647;
			files = (
				F83F98E51B613D99004C3631 /* AppDelegate.mm in Sources */,
				F83F98E21B613D99004C3631 /* main.m in Sources */,
				F83F990A1B613E22004C3631 /* BAHomeController.m in Sources */,
			);
			runOnlyForDeploymentPostprocessing = 0;
		};
		F83F98F11B613D9A004C3631 /* Sources */ = {
			isa = PBXSourcesBuildPhase;
			buildActionMask = 2147483647;
			files = (
				F83F98FC1B613D9A004C3631 /* FansTests.m in Sources */,
			);
			runOnlyForDeploymentPostprocessing = 0;
		};
/* End PBXSourcesBuildPhase section */

/* Begin PBXTargetDependency section */
		F83F98F71B613D9A004C3631 /* PBXTargetDependency */ = {
			isa = PBXTargetDependency;
			target = F83F98DB1B613D99004C3631 /* Fans */;
			targetProxy = F83F98F61B613D9A004C3631 /* PBXContainerItemProxy */;
		};
/* End PBXTargetDependency section */

/* Begin XCBuildConfiguration section */
		F83F98FD1B613D9A004C3631 /* Debug */ = {
			isa = XCBuildConfiguration;
			buildSettings = {
				ALWAYS_SEARCH_USER_PATHS = NO;
				CLANG_CXX_LANGUAGE_STANDARD = "gnu++0x";
				CLANG_CXX_LIBRARY = "libc++";
				CLANG_ENABLE_MODULES = YES;
				CLANG_ENABLE_OBJC_ARC = YES;
				CLANG_WARN_BOOL_CONVERSION = YES;
				CLANG_WARN_CONSTANT_CONVERSION = YES;
				CLANG_WARN_DIRECT_OBJC_ISA_USAGE = YES_ERROR;
				CLANG_WARN_EMPTY_BODY = YES;
				CLANG_WARN_ENUM_CONVERSION = YES;
				CLANG_WARN_INT_CONVERSION = YES;
				CLANG_WARN_OBJC_ROOT_CLASS = YES_ERROR;
				CLANG_WARN_UNREACHABLE_CODE = YES;
				CLANG_WARN__DUPLICATE_METHOD_MATCH = YES;
				"CODE_SIGN_IDENTITY[sdk=iphoneos*]" = "iPhone Developer";
				COPY_PHASE_STRIP = NO;
				DEBUG_INFORMATION_FORMAT = "dwarf-with-dsym";
				ENABLE_STRICT_OBJC_MSGSEND = YES;
				GCC_C_LANGUAGE_STANDARD = gnu99;
				GCC_DYNAMIC_NO_PIC = NO;
				GCC_NO_COMMON_BLOCKS = YES;
				GCC_OPTIMIZATION_LEVEL = 0;
				GCC_PREPROCESSOR_DEFINITIONS = (
					"DEBUG=1",
					"$(inherited)",
				);
				GCC_SYMBOLS_PRIVATE_EXTERN = NO;
				GCC_WARN_64_TO_32_BIT_CONVERSION = YES;
				GCC_WARN_ABOUT_RETURN_TYPE = YES_ERROR;
				GCC_WARN_UNDECLARED_SELECTOR = YES;
				GCC_WARN_UNINITIALIZED_AUTOS = YES_AGGRESSIVE;
				GCC_WARN_UNUSED_FUNCTION = YES;
				GCC_WARN_UNUSED_VARIABLE = YES;
				IPHONEOS_DEPLOYMENT_TARGET = 8.4;
				MTL_ENABLE_DEBUG_INFO = YES;
				ONLY_ACTIVE_ARCH = YES;
				SDKROOT = iphoneos;
			};
			name = Debug;
		};
		F83F98FE1B613D9A004C3631 /* Release */ = {
			isa = XCBuildConfiguration;
			buildSettings = {
				ALWAYS_SEARCH_USER_PATHS = NO;
				CLANG_CXX_LANGUAGE_STANDARD = "gnu++0x";
				CLANG_CXX_LIBRARY = "libc++";
				CLANG_ENABLE_MODULES = YES;
				CLANG_ENABLE_OBJC_ARC = YES;
				CLANG_WARN_BOOL_CONVERSION = YES;
				CLANG_WARN_CONSTANT_CONVERSION = YES;
				CLANG_WARN_DIRECT_OBJC_ISA_USAGE = YES_ERROR;
				CLANG_WARN_EMPTY_BODY = YES;
				CLANG_WARN_ENUM_CONVERSION = YES;
				CLANG_WARN_INT_CONVERSION = YES;
				CLANG_WARN_OBJC_ROOT_CLASS = YES_ERROR;
				CLANG_WARN_UNREACHABLE_CODE = YES;
				CLANG_WARN__DUPLICATE_METHOD_MATCH = YES;
				"CODE_SIGN_IDENTITY[sdk=iphoneos*]" = "iPhone Developer";
				COPY_PHASE_STRIP = NO;
				DEBUG_INFORMATION_FORMAT = "dwarf-with-dsym";
				ENABLE_NS_ASSERTIONS = NO;
				ENABLE_STRICT_OBJC_MSGSEND = YES;
				GCC_C_LANGUAGE_STANDARD = gnu99;
				GCC_NO_COMMON_BLOCKS = YES;
				GCC_WARN_64_TO_32_BIT_CONVERSION = YES;
				GCC_WARN_ABOUT_RETURN_TYPE = YES_ERROR;
				GCC_WARN_UNDECLARED_SELECTOR = YES;
				GCC_WARN_UNINITIALIZED_AUTOS = YES_AGGRESSIVE;
				GCC_WARN_UNUSED_FUNCTION = YES;
				GCC_WARN_UNUSED_VARIABLE = YES;
				IPHONEOS_DEPLOYMENT_TARGET = 8.4;
				MTL_ENABLE_DEBUG_INFO = NO;
				SDKROOT = iphoneos;
				VALIDATE_PRODUCT = YES;
			};
			name = Release;
		};
		F83F99001B613D9A004C3631 /* Debug */ = {
			isa = XCBuildConfiguration;
			buildSettings = {
				ASSETCATALOG_COMPILER_APPICON_NAME = AppIcon;
				ASSETCATALOG_COMPILER_LAUNCHIMAGE_NAME = LaunchImage;
				INFOPLIST_FILE = Fans/Info.plist;
				LD_RUNPATH_SEARCH_PATHS = "$(inherited) @executable_path/Frameworks";
				PRODUCT_NAME = "$(TARGET_NAME)";
			};
			name = Debug;
		};
		F83F99011B613D9A004C3631 /* Release */ = {
			isa = XCBuildConfiguration;
			buildSettings = {
				ASSETCATALOG_COMPILER_APPICON_NAME = AppIcon;
				ASSETCATALOG_COMPILER_LAUNCHIMAGE_NAME = LaunchImage;
				INFOPLIST_FILE = Fans/Info.plist;
				LD_RUNPATH_SEARCH_PATHS = "$(inherited) @executable_path/Frameworks";
				PRODUCT_NAME = "$(TARGET_NAME)";
			};
			name = Release;
		};
		F83F99031B613D9A004C3631 /* Debug */ = {
			isa = XCBuildConfiguration;
			buildSettings = {
				BUNDLE_LOADER = "$(TEST_HOST)";
				FRAMEWORK_SEARCH_PATHS = (
					"$(SDKROOT)/Developer/Library/Frameworks",
					"$(inherited)",
				);
				GCC_PREPROCESSOR_DEFINITIONS = (
					"DEBUG=1",
					"$(inherited)",
				);
				INFOPLIST_FILE = FansTests/Info.plist;
				LD_RUNPATH_SEARCH_PATHS = "$(inherited) @executable_path/Frameworks @loader_path/Frameworks";
				PRODUCT_NAME = "$(TARGET_NAME)";
				TEST_HOST = "$(BUILT_PRODUCTS_DIR)/Fans.app/Fans";
			};
			name = Debug;
		};
		F83F99041B613D9A004C3631 /* Release */ = {
			isa = XCBuildConfiguration;
			buildSettings = {
				BUNDLE_LOADER = "$(TEST_HOST)";
				FRAMEWORK_SEARCH_PATHS = (
					"$(SDKROOT)/Developer/Library/Frameworks",
					"$(inherited)",
				);
				INFOPLIST_FILE = FansTests/Info.plist;
				LD_RUNPATH_SEARCH_PATHS = "$(inherited) @executable_path/Frameworks @loader_path/Frameworks";
				PRODUCT_NAME = "$(TARGET_NAME)";
				TEST_HOST = "$(BUILT_PRODUCTS_DIR)/Fans.app/Fans";
			};
			name = Release;
		};
/* End XCBuildConfiguration section */

/* Begin XCConfigurationList section */
		F83F98D71B613D99004C3631 /* Build configuration list for PBXProject "Fans" */ = {
			isa = XCConfigurationList;
			buildConfigurations = (
				F83F98FD1B613D9A004C3631 /* Debug */,
				F83F98FE1B613D9A004C3631 /* Release */,
			);
			defaultConfigurationIsVisible = 0;
			defaultConfigurationName = Release;
		};
		F83F98FF1B613D9A004C3631 /* Build configuration list for PBXNativeTarget "Fans" */ = {
			isa = XCConfigurationList;
			buildConfigurations = (
				F83F99001B613D9A004C3631 /* Debug */,
				F83F99011B613D9A004C3631 /* Release */,
			);
			defaultConfigurationIsVisible = 0;
		};
		F83F99021B613D9A004C3631 /* Build configuration list for PBXNativeTarget "FansTests" */ = {
			isa = XCConfigurationList;
			buildConfigurations = (
				F83F99031B613D9A004C3631 /* Debug */,
				F83F99041B613D9A004C3631 /* Release */,
			);
			defaultConfigurationIsVisible = 0;
		};
/* End XCConfigurationList section */
	};
	rootObject = F83F98D41B613D99004C3631 /* Project object */;
}
